{
  "name": "lynn",
  "version": "1.0.0",
  "lockfileVersion": 1,
  "requires": true,
  "dependencies": {
    "defined": {
      "version": "1.0.0",
      "resolved": "https://registry.npmjs.org/defined/-/defined-1.0.0.tgz",
      "integrity": "sha512-Y2caI5+ZwS5c3RiNDJ6u53VhQHv+hHKwhkI1iHvceKUHw9Df6EK2zRLfjejRgMuCuxK7PfSWIMwWecceVvThjQ=="
    },
    "scrolltrigger": {
      "version": "1.0.1",
      "resolved": "https://registry.npmjs.org/scrolltrigger/-/scrolltrigger-1.0.1.tgz",
      "integrity": "sha512-s1DiltnlovjFtapWHKOgHsJEM4lKF52v7rClIqROh6btosGO/Pc0mFiRZz+PTXjAp2PZPpj0U0KPcmxTnN4Idw==",
      "requires": {
        "defined": "^1.0.0",
        "xtend": "^4.0.1"
      }
    },
    "xtend": {
      "version": "4.0.2",
      "resolved": "https://registry.npmjs.org/xtend/-/xtend-4.0.2.tgz",
      "integrity": "sha512-LKYU1iAXJXUgAXn9URjiu+MWhyUXHsvfp7mcuYm9dSUKK0/CjtrUwFAxD82/mCWbtLsGjFIad0wIsod4zrTAEQ=="
    }
  }
}
